// !$*UTF8*$!
{
	archiveVersion = 1;
	classes = {
	};
	objectVersion = 46;
	objects = {

/* Begin PBXBuildFile section */
		053071DF17EA4673008A56F6 /* config_structure.cpp in Sources */ = {isa = PBXBuildFile; fileRef = 053071D617EA4673008A56F6 /* config_structure.cpp */; };
		053071E017EA4673008A56F6 /* dual_grid_structure.cpp in Sources */ = {isa = PBXBuildFile; fileRef = 053071D717EA4673008A56F6 /* dual_grid_structure.cpp */; };
		053071E117EA4673008A56F6 /* geometry_structure.cpp in Sources */ = {isa = PBXBuildFile; fileRef = 053071D817EA4673008A56F6 /* geometry_structure.cpp */; };
		053071E217EA4673008A56F6 /* grid_adaptation_structure.cpp in Sources */ = {isa = PBXBuildFile; fileRef = 053071D917EA4673008A56F6 /* grid_adaptation_structure.cpp */; };
		053071E317EA4673008A56F6 /* grid_movement_structure.cpp in Sources */ = {isa = PBXBuildFile; fileRef = 053071DA17EA4673008A56F6 /* grid_movement_structure.cpp */; };
		053071E417EA4673008A56F6 /* linear_solvers_structure.cpp in Sources */ = {isa = PBXBuildFile; fileRef = 053071DB17EA4673008A56F6 /* linear_solvers_structure.cpp */; };
		053071E517EA4673008A56F6 /* matrix_structure.cpp in Sources */ = {isa = PBXBuildFile; fileRef = 053071DC17EA4673008A56F6 /* matrix_structure.cpp */; };
		053071E617EA4673008A56F6 /* primal_grid_structure.cpp in Sources */ = {isa = PBXBuildFile; fileRef = 053071DD17EA4673008A56F6 /* primal_grid_structure.cpp */; };
		053071E717EA4673008A56F6 /* vector_structure.cpp in Sources */ = {isa = PBXBuildFile; fileRef = 053071DE17EA4673008A56F6 /* vector_structure.cpp */; };
		053072AD17EA4715008A56F6 /* SU2_DDC.cpp in Sources */ = {isa = PBXBuildFile; fileRef = 053072AC17EA4715008A56F6 /* SU2_DDC.cpp */; };
/* End PBXBuildFile section */

/* Begin PBXCopyFilesBuildPhase section */
		05E4144117600FBB00A448E0 /* CopyFiles */ = {
			isa = PBXCopyFilesBuildPhase;
			buildActionMask = 2147483647;
			dstPath = /usr/share/man/man1/;
			dstSubfolderSpec = 0;
			files = (
			);
			runOnlyForDeploymentPostprocessing = 1;
		};
/* End PBXCopyFilesBuildPhase section */

/* Begin PBXFileReference section */
		0530714917EA4610008A56F6 /* config_structure.inl */ = {isa = PBXFileReference; lastKnownFileType = text; name = config_structure.inl; path = ../Common/include/config_structure.inl; sourceTree = "<group>"; };
		0530714A17EA4610008A56F6 /* dual_grid_structure.inl */ = {isa = PBXFileReference; lastKnownFileType = text; name = dual_grid_structure.inl; path = ../Common/include/dual_grid_structure.inl; sourceTree = "<group>"; };
		0530714B17EA4610008A56F6 /* geometry_structure.inl */ = {isa = PBXFileReference; lastKnownFileType = text; name = geometry_structure.inl; path = ../Common/include/geometry_structure.inl; sourceTree = "<group>"; };
		0530714C17EA4610008A56F6 /* grid_adaptation_structure.inl */ = {isa = PBXFileReference; lastKnownFileType = text; name = grid_adaptation_structure.inl; path = ../Common/include/grid_adaptation_structure.inl; sourceTree = "<group>"; };
		0530714D17EA4610008A56F6 /* grid_movement_structure.inl */ = {isa = PBXFileReference; lastKnownFileType = text; name = grid_movement_structure.inl; path = ../Common/include/grid_movement_structure.inl; sourceTree = "<group>"; };
		0530714E17EA4610008A56F6 /* linear_solvers_structure.inl */ = {isa = PBXFileReference; lastKnownFileType = text; name = linear_solvers_structure.inl; path = ../Common/include/linear_solvers_structure.inl; sourceTree = "<group>"; };
		0530714F17EA4610008A56F6 /* matrix_structure.inl */ = {isa = PBXFileReference; lastKnownFileType = text; name = matrix_structure.inl; path = ../Common/include/matrix_structure.inl; sourceTree = "<group>"; };
		0530715017EA4610008A56F6 /* primal_grid_structure.inl */ = {isa = PBXFileReference; lastKnownFileType = text; name = primal_grid_structure.inl; path = ../Common/include/primal_grid_structure.inl; sourceTree = "<group>"; };
		0530715117EA4610008A56F6 /* vector_structure.inl */ = {isa = PBXFileReference; lastKnownFileType = text; name = vector_structure.inl; path = ../Common/include/vector_structure.inl; sourceTree = "<group>"; };
		0530717817EA463D008A56F6 /* config_structure.hpp */ = {isa = PBXFileReference; lastKnownFileType = sourcecode.cpp.h; name = config_structure.hpp; path = ../Common/include/config_structure.hpp; sourceTree = "<group>"; };
		0530717917EA463D008A56F6 /* dual_grid_structure.hpp */ = {isa = PBXFileReference; lastKnownFileType = sourcecode.cpp.h; name = dual_grid_structure.hpp; path = ../Common/include/dual_grid_structure.hpp; sourceTree = "<group>"; };
		0530717A17EA463D008A56F6 /* geometry_structure.hpp */ = {isa = PBXFileReference; lastKnownFileType = sourcecode.cpp.h; name = geometry_structure.hpp; path = ../Common/include/geometry_structure.hpp; sourceTree = "<group>"; };
		0530717B17EA463D008A56F6 /* grid_adaptation_structure.hpp */ = {isa = PBXFileReference; lastKnownFileType = sourcecode.cpp.h; name = grid_adaptation_structure.hpp; path = ../Common/include/grid_adaptation_structure.hpp; sourceTree = "<group>"; };
		0530717C17EA463D008A56F6 /* grid_movement_structure.hpp */ = {isa = PBXFileReference; lastKnownFileType = sourcecode.cpp.h; name = grid_movement_structure.hpp; path = ../Common/include/grid_movement_structure.hpp; sourceTree = "<group>"; };
		0530717D17EA463D008A56F6 /* linear_solvers_structure.hpp */ = {isa = PBXFileReference; lastKnownFileType = sourcecode.cpp.h; name = linear_solvers_structure.hpp; path = ../Common/include/linear_solvers_structure.hpp; sourceTree = "<group>"; };
		0530717E17EA463D008A56F6 /* matrix_structure.hpp */ = {isa = PBXFileReference; lastKnownFileType = sourcecode.cpp.h; name = matrix_structure.hpp; path = ../Common/include/matrix_structure.hpp; sourceTree = "<group>"; };
		0530717F17EA463D008A56F6 /* option_structure.hpp */ = {isa = PBXFileReference; lastKnownFileType = sourcecode.cpp.h; name = option_structure.hpp; path = ../Common/include/option_structure.hpp; sourceTree = "<group>"; };
		0530718017EA463D008A56F6 /* primal_grid_structure.hpp */ = {isa = PBXFileReference; lastKnownFileType = sourcecode.cpp.h; name = primal_grid_structure.hpp; path = ../Common/include/primal_grid_structure.hpp; sourceTree = "<group>"; };
		0530718117EA463D008A56F6 /* vector_structure.hpp */ = {isa = PBXFileReference; lastKnownFileType = sourcecode.cpp.h; name = vector_structure.hpp; path = ../Common/include/vector_structure.hpp; sourceTree = "<group>"; };
		053071D617EA4673008A56F6 /* config_structure.cpp */ = {isa = PBXFileReference; fileEncoding = 4; lastKnownFileType = sourcecode.cpp.cpp; name = config_structure.cpp; path = ../Common/src/config_structure.cpp; sourceTree = "<group>"; };
		053071D717EA4673008A56F6 /* dual_grid_structure.cpp */ = {isa = PBXFileReference; fileEncoding = 4; lastKnownFileType = sourcecode.cpp.cpp; name = dual_grid_structure.cpp; path = ../Common/src/dual_grid_structure.cpp; sourceTree = "<group>"; };
		053071D817EA4673008A56F6 /* geometry_structure.cpp */ = {isa = PBXFileReference; fileEncoding = 4; lastKnownFileType = sourcecode.cpp.cpp; name = geometry_structure.cpp; path = ../Common/src/geometry_structure.cpp; sourceTree = "<group>"; };
		053071D917EA4673008A56F6 /* grid_adaptation_structure.cpp */ = {isa = PBXFileReference; fileEncoding = 4; lastKnownFileType = sourcecode.cpp.cpp; name = grid_adaptation_structure.cpp; path = ../Common/src/grid_adaptation_structure.cpp; sourceTree = "<group>"; };
		053071DA17EA4673008A56F6 /* grid_movement_structure.cpp */ = {isa = PBXFileReference; fileEncoding = 4; lastKnownFileType = sourcecode.cpp.cpp; name = grid_movement_structure.cpp; path = ../Common/src/grid_movement_structure.cpp; sourceTree = "<group>"; };
		053071DB17EA4673008A56F6 /* linear_solvers_structure.cpp */ = {isa = PBXFileReference; fileEncoding = 4; lastKnownFileType = sourcecode.cpp.cpp; name = linear_solvers_structure.cpp; path = ../Common/src/linear_solvers_structure.cpp; sourceTree = "<group>"; };
		053071DC17EA4673008A56F6 /* matrix_structure.cpp */ = {isa = PBXFileReference; fileEncoding = 4; lastKnownFileType = sourcecode.cpp.cpp; name = matrix_structure.cpp; path = ../Common/src/matrix_structure.cpp; sourceTree = "<group>"; };
		053071DD17EA4673008A56F6 /* primal_grid_structure.cpp */ = {isa = PBXFileReference; fileEncoding = 4; lastKnownFileType = sourcecode.cpp.cpp; name = primal_grid_structure.cpp; path = ../Common/src/primal_grid_structure.cpp; sourceTree = "<group>"; };
		053071DE17EA4673008A56F6 /* vector_structure.cpp */ = {isa = PBXFileReference; fileEncoding = 4; lastKnownFileType = sourcecode.cpp.cpp; name = vector_structure.cpp; path = ../Common/src/vector_structure.cpp; sourceTree = "<group>"; };
		053072AB17EA470F008A56F6 /* SU2_DDC.hpp */ = {isa = PBXFileReference; lastKnownFileType = sourcecode.cpp.h; name = SU2_DDC.hpp; path = ../SU2_DDC/include/SU2_DDC.hpp; sourceTree = "<group>"; };
		053072AC17EA4715008A56F6 /* SU2_DDC.cpp */ = {isa = PBXFileReference; fileEncoding = 4; lastKnownFileType = sourcecode.cpp.cpp; name = SU2_DDC.cpp; path = ../SU2_DDC/src/SU2_DDC.cpp; sourceTree = "<group>"; };
		05E4144317600FBB00A448E0 /* SU2_DDC */ = {isa = PBXFileReference; explicitFileType = "compiled.mach-o.executable"; includeInIndex = 0; path = SU2_DDC; sourceTree = BUILT_PRODUCTS_DIR; };
/* End PBXFileReference section */

/* Begin PBXFrameworksBuildPhase section */
		05E4144017600FBB00A448E0 /* Frameworks */ = {
			isa = PBXFrameworksBuildPhase;
			buildActionMask = 2147483647;
			files = (
			);
			runOnlyForDeploymentPostprocessing = 0;
		};
/* End PBXFrameworksBuildPhase section */

/* Begin PBXGroup section */
		05E415471760111D00A448E0 /* Include */ = {
			isa = PBXGroup;
			children = (
				053072AB17EA470F008A56F6 /* SU2_DDC.hpp */,
				0530717817EA463D008A56F6 /* config_structure.hpp */,
				0530717917EA463D008A56F6 /* dual_grid_structure.hpp */,
				0530717A17EA463D008A56F6 /* geometry_structure.hpp */,
				0530717B17EA463D008A56F6 /* grid_adaptation_structure.hpp */,
				0530717C17EA463D008A56F6 /* grid_movement_structure.hpp */,
				0530717D17EA463D008A56F6 /* linear_solvers_structure.hpp */,
				0530717E17EA463D008A56F6 /* matrix_structure.hpp */,
				0530717F17EA463D008A56F6 /* option_structure.hpp */,
				0530718017EA463D008A56F6 /* primal_grid_structure.hpp */,
				0530718117EA463D008A56F6 /* vector_structure.hpp */,
			);
			name = Include;
			sourceTree = "<group>";
		};
		05E415481760112D00A448E0 /* InLine */ = {
			isa = PBXGroup;
			children = (
				0530714917EA4610008A56F6 /* config_structure.inl */,
				0530714A17EA4610008A56F6 /* dual_grid_structure.inl */,
				0530714B17EA4610008A56F6 /* geometry_structure.inl */,
				0530714C17EA4610008A56F6 /* grid_adaptation_structure.inl */,
				0530714D17EA4610008A56F6 /* grid_movement_structure.inl */,
				0530714E17EA4610008A56F6 /* linear_solvers_structure.inl */,
				0530714F17EA4610008A56F6 /* matrix_structure.inl */,
				0530715017EA4610008A56F6 /* primal_grid_structure.inl */,
				0530715117EA4610008A56F6 /* vector_structure.inl */,
			);
			name = InLine;
			sourceTree = "<group>";
		};
		05E415491760113500A448E0 /* Source */ = {
			isa = PBXGroup;
			children = (
				053072AC17EA4715008A56F6 /* SU2_DDC.cpp */,
				053071D617EA4673008A56F6 /* config_structure.cpp */,
				053071D717EA4673008A56F6 /* dual_grid_structure.cpp */,
				053071D817EA4673008A56F6 /* geometry_structure.cpp */,
				053071D917EA4673008A56F6 /* grid_adaptation_structure.cpp */,
				053071DA17EA4673008A56F6 /* grid_movement_structure.cpp */,
				053071DB17EA4673008A56F6 /* linear_solvers_structure.cpp */,
				053071DC17EA4673008A56F6 /* matrix_structure.cpp */,
				053071DD17EA4673008A56F6 /* primal_grid_structure.cpp */,
				053071DE17EA4673008A56F6 /* vector_structure.cpp */,
			);
			name = Source;
			sourceTree = "<group>";
		};
		08FB7794FE84155DC02AAC07 /* SU2_DDC */ = {
			isa = PBXGroup;
			children = (
				05E415491760113500A448E0 /* Source */,
				05E415481760112D00A448E0 /* InLine */,
				05E415471760111D00A448E0 /* Include */,
				1AB674ADFE9D54B511CA2CBB /* Products */,
			);
			name = SU2_DDC;
			sourceTree = "<group>";
		};
		1AB674ADFE9D54B511CA2CBB /* Products */ = {
			isa = PBXGroup;
			children = (
				05E4144317600FBB00A448E0 /* SU2_DDC */,
			);
			name = Products;
			sourceTree = "<group>";
		};
/* End PBXGroup section */

/* Begin PBXNativeTarget section */
		05E4144217600FBB00A448E0 /* SU2_DDC */ = {
			isa = PBXNativeTarget;
			buildConfigurationList = 05E4144917600FBB00A448E0 /* Build configuration list for PBXNativeTarget "SU2_DDC" */;
			buildPhases = (
				05E4143F17600FBB00A448E0 /* Sources */,
				05E4144017600FBB00A448E0 /* Frameworks */,
				05E4144117600FBB00A448E0 /* CopyFiles */,
			);
			buildRules = (
			);
			dependencies = (
			);
			name = SU2_DDC;
			productName = SU2_DDC;
			productReference = 05E4144317600FBB00A448E0 /* SU2_DDC */;
			productType = "com.apple.product-type.tool";
		};
/* End PBXNativeTarget section */

/* Begin PBXProject section */
		08FB7793FE84155DC02AAC07 /* Project object */ = {
			isa = PBXProject;
			attributes = {
				LastUpgradeCheck = 0460;
			};
			buildConfigurationList = 1DEB923508733DC60010E9CD /* Build configuration list for PBXProject "SU2_DDC" */;
			compatibilityVersion = "Xcode 3.2";
			developmentRegion = English;
			hasScannedForEncodings = 1;
			knownRegions = (
				English,
				Japanese,
				French,
				German,
			);
			mainGroup = 08FB7794FE84155DC02AAC07 /* SU2_DDC */;
			projectDirPath = "";
			projectRoot = "";
			targets = (
				05E4144217600FBB00A448E0 /* SU2_DDC */,
			);
		};
/* End PBXProject section */

/* Begin PBXSourcesBuildPhase section */
		05E4143F17600FBB00A448E0 /* Sources */ = {
			isa = PBXSourcesBuildPhase;
			buildActionMask = 2147483647;
			files = (
				053071DF17EA4673008A56F6 /* config_structure.cpp in Sources */,
				053071E017EA4673008A56F6 /* dual_grid_structure.cpp in Sources */,
				053071E117EA4673008A56F6 /* geometry_structure.cpp in Sources */,
				053071E217EA4673008A56F6 /* grid_adaptation_structure.cpp in Sources */,
				053071E317EA4673008A56F6 /* grid_movement_structure.cpp in Sources */,
				053071E417EA4673008A56F6 /* linear_solvers_structure.cpp in Sources */,
				053071E517EA4673008A56F6 /* matrix_structure.cpp in Sources */,
				053071E617EA4673008A56F6 /* primal_grid_structure.cpp in Sources */,
				053071E717EA4673008A56F6 /* vector_structure.cpp in Sources */,
				053072AD17EA4715008A56F6 /* SU2_DDC.cpp in Sources */,
			);
			runOnlyForDeploymentPostprocessing = 0;
		};
/* End PBXSourcesBuildPhase section */

/* Begin XCBuildConfiguration section */
		05E4144A17600FBB00A448E0 /* Debug */ = {
			isa = XCBuildConfiguration;
			buildSettings = {
				ALWAYS_SEARCH_USER_PATHS = NO;
				ARCHS = "$(ARCHS_STANDARD_32_64_BIT)";
				CLANG_CXX_LANGUAGE_STANDARD = "gnu++0x";
				CLANG_CXX_LIBRARY = "libc++";
				CLANG_ENABLE_OBJC_ARC = YES;
				CLANG_WARN_CONSTANT_CONVERSION = YES;
				CLANG_WARN_EMPTY_BODY = YES;
				CLANG_WARN_ENUM_CONVERSION = YES;
				CLANG_WARN_INT_CONVERSION = YES;
				CLANG_WARN__DUPLICATE_METHOD_MATCH = YES;
				COPY_PHASE_STRIP = NO;
				GCC_DYNAMIC_NO_PIC = NO;
				GCC_ENABLE_OBJC_EXCEPTIONS = YES;
				GCC_OPTIMIZATION_LEVEL = 0;
				GCC_PREPROCESSOR_DEFINITIONS = (
					"DEBUG=1",
					"$(inherited)",
				);
				GCC_SYMBOLS_PRIVATE_EXTERN = NO;
				GCC_WARN_64_TO_32_BIT_CONVERSION = YES;
				GCC_WARN_UNINITIALIZED_AUTOS = YES;
				HEADER_SEARCH_PATHS = "/Users/fpalacios/SU2/trunk/metis-4.0.3/Lib";
				INSTALL_PATH = "";
				LIBRARY_SEARCH_PATHS = "/Users/fpalacios/SU2/trunk/metis-4.0.3";
				MACOSX_DEPLOYMENT_TARGET = 10.8;
				PRODUCT_NAME = "$(TARGET_NAME)";
			};
			name = Debug;
		};
		05E4144B17600FBB00A448E0 /* Release */ = {
			isa = XCBuildConfiguration;
			buildSettings = {
				ALWAYS_SEARCH_USER_PATHS = NO;
				ARCHS = "$(ARCHS_STANDARD_32_64_BIT)";
				CLANG_CXX_LANGUAGE_STANDARD = "gnu++0x";
				CLANG_CXX_LIBRARY = "libc++";
				CLANG_ENABLE_OBJC_ARC = YES;
				CLANG_WARN_CONSTANT_CONVERSION = YES;
				CLANG_WARN_EMPTY_BODY = YES;
				CLANG_WARN_ENUM_CONVERSION = YES;
				CLANG_WARN_INT_CONVERSION = YES;
				CLANG_WARN__DUPLICATE_METHOD_MATCH = YES;
				COPY_PHASE_STRIP = YES;
				DEBUG_INFORMATION_FORMAT = "dwarf-with-dsym";
				GCC_ENABLE_OBJC_EXCEPTIONS = YES;
				GCC_WARN_64_TO_32_BIT_CONVERSION = YES;
				GCC_WARN_UNINITIALIZED_AUTOS = YES;
				HEADER_SEARCH_PATHS = "/Users/fpalacios/SU2/trunk/metis-4.0.3/Lib";
				INSTALL_PATH = "";
				LIBRARY_SEARCH_PATHS = "/Users/fpalacios/SU2/trunk/metis-4.0.3";
				MACOSX_DEPLOYMENT_TARGET = 10.8;
				PRODUCT_NAME = "$(TARGET_NAME)";
			};
			name = Release;
		};
		1DEB923608733DC60010E9CD /* Debug */ = {
			isa = XCBuildConfiguration;
			buildSettings = {
				ARCHS = "$(ARCHS_STANDARD_32_64_BIT)";
				CURRENT_PROJECT_VERSION = 1.0;
				GCC_C_LANGUAGE_STANDARD = gnu99;
				GCC_OPTIMIZATION_LEVEL = 3;
				GCC_PREPROCESSOR_DEFINITIONS = (
					NO_CGNS,
					NO_OMP,
					NO_MPI,
					NO_MUTATIONPP,
				);
				GCC_WARN_ABOUT_RETURN_TYPE = YES;
				GCC_WARN_UNUSED_VARIABLE = YES;
				HEADER_SEARCH_PATHS = "/Users/fpalacios/SU2/trunk/metis-4.0.3/Lib";
				LIBRARY_SEARCH_PATHS = "/Users/fpalacios/SU2/trunk/metis-4.0.3";
				ONLY_ACTIVE_ARCH = YES;
				OTHER_CFLAGS = (
					"-lmetis",
					"-lm",
				);
				SDKROOT = macosx;
			};
			name = Debug;
		};
		1DEB923708733DC60010E9CD /* Release */ = {
			isa = XCBuildConfiguration;
			buildSettings = {
				ARCHS = "$(ARCHS_STANDARD_32_64_BIT)";
				GCC_C_LANGUAGE_STANDARD = gnu99;
				GCC_WARN_ABOUT_RETURN_TYPE = YES;
				GCC_WARN_UNUSED_VARIABLE = YES;
				SDKROOT = macosx;
			};
			name = Release;
		};
/* End XCBuildConfiguration section */

/* Begin XCConfigurationList section */
		05E4144917600FBB00A448E0 /* Build configuration list for PBXNativeTarget "SU2_DDC" */ = {
			isa = XCConfigurationList;
			buildConfigurations = (
				05E4144A17600FBB00A448E0 /* Debug */,
				05E4144B17600FBB00A448E0 /* Release */,
			);
			defaultConfigurationIsVisible = 0;
			defaultConfigurationName = Release;
		};
		1DEB923508733DC60010E9CD /* Build configuration list for PBXProject "SU2_DDC" */ = {
			isa = XCConfigurationList;
			buildConfigurations = (
				1DEB923608733DC60010E9CD /* Debug */,
				1DEB923708733DC60010E9CD /* Release */,
			);
			defaultConfigurationIsVisible = 0;
			defaultConfigurationName = Release;
		};
/* End XCConfigurationList section */
	};
	rootObject = 08FB7793FE84155DC02AAC07 /* Project object */;
}
