// !$*UTF8*$!
{
	archiveVersion = 1;
	classes = {
	};
	objectVersion = 46;
	objects = {

/* Begin PBXBuildFile section */
		053071A917EA4662008A56F6 /* config_structure.cpp in Sources */ = {isa = PBXBuildFile; fileRef = 053071A017EA4662008A56F6 /* config_structure.cpp */; };
		053071AA17EA4662008A56F6 /* dual_grid_structure.cpp in Sources */ = {isa = PBXBuildFile; fileRef = 053071A117EA4662008A56F6 /* dual_grid_structure.cpp */; };
		053071AB17EA4662008A56F6 /* geometry_structure.cpp in Sources */ = {isa = PBXBuildFile; fileRef = 053071A217EA4662008A56F6 /* geometry_structure.cpp */; };
		053071AC17EA4662008A56F6 /* grid_adaptation_structure.cpp in Sources */ = {isa = PBXBuildFile; fileRef = 053071A317EA4662008A56F6 /* grid_adaptation_structure.cpp */; };
		053071AD17EA4662008A56F6 /* grid_movement_structure.cpp in Sources */ = {isa = PBXBuildFile; fileRef = 053071A417EA4662008A56F6 /* grid_movement_structure.cpp */; };
		053071AE17EA4662008A56F6 /* linear_solvers_structure.cpp in Sources */ = {isa = PBXBuildFile; fileRef = 053071A517EA4662008A56F6 /* linear_solvers_structure.cpp */; };
		053071AF17EA4662008A56F6 /* matrix_structure.cpp in Sources */ = {isa = PBXBuildFile; fileRef = 053071A617EA4662008A56F6 /* matrix_structure.cpp */; };
		053071B017EA4662008A56F6 /* primal_grid_structure.cpp in Sources */ = {isa = PBXBuildFile; fileRef = 053071A717EA4662008A56F6 /* primal_grid_structure.cpp */; };
		053071B117EA4662008A56F6 /* vector_structure.cpp in Sources */ = {isa = PBXBuildFile; fileRef = 053071A817EA4662008A56F6 /* vector_structure.cpp */; };
		053072B017EA4731008A56F6 /* SU2_GPC.cpp in Sources */ = {isa = PBXBuildFile; fileRef = 053072AF17EA4731008A56F6 /* SU2_GPC.cpp */; };
/* End PBXBuildFile section */

/* Begin PBXCopyFilesBuildPhase section */
		8DD76F690486A84900D96B5E /* CopyFiles */ = {
			isa = PBXCopyFilesBuildPhase;
			buildActionMask = 8;
			dstPath = /usr/share/man/man1/;
			dstSubfolderSpec = 0;
			files = (
			);
			runOnlyForDeploymentPostprocessing = 1;
		};
/* End PBXCopyFilesBuildPhase section */

/* Begin PBXFileReference section */
		0530713717EA4603008A56F6 /* config_structure.inl */ = {isa = PBXFileReference; lastKnownFileType = text; name = config_structure.inl; path = ../Common/include/config_structure.inl; sourceTree = "<group>"; };
		0530713817EA4603008A56F6 /* dual_grid_structure.inl */ = {isa = PBXFileReference; lastKnownFileType = text; name = dual_grid_structure.inl; path = ../Common/include/dual_grid_structure.inl; sourceTree = "<group>"; };
		0530713917EA4603008A56F6 /* geometry_structure.inl */ = {isa = PBXFileReference; lastKnownFileType = text; name = geometry_structure.inl; path = ../Common/include/geometry_structure.inl; sourceTree = "<group>"; };
		0530713A17EA4603008A56F6 /* grid_adaptation_structure.inl */ = {isa = PBXFileReference; lastKnownFileType = text; name = grid_adaptation_structure.inl; path = ../Common/include/grid_adaptation_structure.inl; sourceTree = "<group>"; };
		0530713B17EA4603008A56F6 /* grid_movement_structure.inl */ = {isa = PBXFileReference; lastKnownFileType = text; name = grid_movement_structure.inl; path = ../Common/include/grid_movement_structure.inl; sourceTree = "<group>"; };
		0530713C17EA4603008A56F6 /* linear_solvers_structure.inl */ = {isa = PBXFileReference; lastKnownFileType = text; name = linear_solvers_structure.inl; path = ../Common/include/linear_solvers_structure.inl; sourceTree = "<group>"; };
		0530713D17EA4603008A56F6 /* matrix_structure.inl */ = {isa = PBXFileReference; lastKnownFileType = text; name = matrix_structure.inl; path = ../Common/include/matrix_structure.inl; sourceTree = "<group>"; };
		0530713E17EA4603008A56F6 /* primal_grid_structure.inl */ = {isa = PBXFileReference; lastKnownFileType = text; name = primal_grid_structure.inl; path = ../Common/include/primal_grid_structure.inl; sourceTree = "<group>"; };
		0530713F17EA4603008A56F6 /* vector_structure.inl */ = {isa = PBXFileReference; lastKnownFileType = text; name = vector_structure.inl; path = ../Common/include/vector_structure.inl; sourceTree = "<group>"; };
		0530719617EA4653008A56F6 /* config_structure.hpp */ = {isa = PBXFileReference; lastKnownFileType = sourcecode.cpp.h; name = config_structure.hpp; path = ../Common/include/config_structure.hpp; sourceTree = "<group>"; };
		0530719717EA4653008A56F6 /* dual_grid_structure.hpp */ = {isa = PBXFileReference; lastKnownFileType = sourcecode.cpp.h; name = dual_grid_structure.hpp; path = ../Common/include/dual_grid_structure.hpp; sourceTree = "<group>"; };
		0530719817EA4653008A56F6 /* geometry_structure.hpp */ = {isa = PBXFileReference; lastKnownFileType = sourcecode.cpp.h; name = geometry_structure.hpp; path = ../Common/include/geometry_structure.hpp; sourceTree = "<group>"; };
		0530719917EA4653008A56F6 /* grid_adaptation_structure.hpp */ = {isa = PBXFileReference; lastKnownFileType = sourcecode.cpp.h; name = grid_adaptation_structure.hpp; path = ../Common/include/grid_adaptation_structure.hpp; sourceTree = "<group>"; };
		0530719A17EA4653008A56F6 /* grid_movement_structure.hpp */ = {isa = PBXFileReference; lastKnownFileType = sourcecode.cpp.h; name = grid_movement_structure.hpp; path = ../Common/include/grid_movement_structure.hpp; sourceTree = "<group>"; };
		0530719B17EA4653008A56F6 /* linear_solvers_structure.hpp */ = {isa = PBXFileReference; lastKnownFileType = sourcecode.cpp.h; name = linear_solvers_structure.hpp; path = ../Common/include/linear_solvers_structure.hpp; sourceTree = "<group>"; };
		0530719C17EA4653008A56F6 /* matrix_structure.hpp */ = {isa = PBXFileReference; lastKnownFileType = sourcecode.cpp.h; name = matrix_structure.hpp; path = ../Common/include/matrix_structure.hpp; sourceTree = "<group>"; };
		0530719D17EA4653008A56F6 /* option_structure.hpp */ = {isa = PBXFileReference; lastKnownFileType = sourcecode.cpp.h; name = option_structure.hpp; path = ../Common/include/option_structure.hpp; sourceTree = "<group>"; };
		0530719E17EA4653008A56F6 /* primal_grid_structure.hpp */ = {isa = PBXFileReference; lastKnownFileType = sourcecode.cpp.h; name = primal_grid_structure.hpp; path = ../Common/include/primal_grid_structure.hpp; sourceTree = "<group>"; };
		0530719F17EA4653008A56F6 /* vector_structure.hpp */ = {isa = PBXFileReference; lastKnownFileType = sourcecode.cpp.h; name = vector_structure.hpp; path = ../Common/include/vector_structure.hpp; sourceTree = "<group>"; };
		053071A017EA4662008A56F6 /* config_structure.cpp */ = {isa = PBXFileReference; fileEncoding = 4; lastKnownFileType = sourcecode.cpp.cpp; name = config_structure.cpp; path = ../Common/src/config_structure.cpp; sourceTree = "<group>"; };
		053071A117EA4662008A56F6 /* dual_grid_structure.cpp */ = {isa = PBXFileReference; fileEncoding = 4; lastKnownFileType = sourcecode.cpp.cpp; name = dual_grid_structure.cpp; path = ../Common/src/dual_grid_structure.cpp; sourceTree = "<group>"; };
		053071A217EA4662008A56F6 /* geometry_structure.cpp */ = {isa = PBXFileReference; fileEncoding = 4; lastKnownFileType = sourcecode.cpp.cpp; name = geometry_structure.cpp; path = ../Common/src/geometry_structure.cpp; sourceTree = "<group>"; };
		053071A317EA4662008A56F6 /* grid_adaptation_structure.cpp */ = {isa = PBXFileReference; fileEncoding = 4; lastKnownFileType = sourcecode.cpp.cpp; name = grid_adaptation_structure.cpp; path = ../Common/src/grid_adaptation_structure.cpp; sourceTree = "<group>"; };
		053071A417EA4662008A56F6 /* grid_movement_structure.cpp */ = {isa = PBXFileReference; fileEncoding = 4; lastKnownFileType = sourcecode.cpp.cpp; name = grid_movement_structure.cpp; path = ../Common/src/grid_movement_structure.cpp; sourceTree = "<group>"; };
		053071A517EA4662008A56F6 /* linear_solvers_structure.cpp */ = {isa = PBXFileReference; fileEncoding = 4; lastKnownFileType = sourcecode.cpp.cpp; name = linear_solvers_structure.cpp; path = ../Common/src/linear_solvers_structure.cpp; sourceTree = "<group>"; };
		053071A617EA4662008A56F6 /* matrix_structure.cpp */ = {isa = PBXFileReference; fileEncoding = 4; lastKnownFileType = sourcecode.cpp.cpp; name = matrix_structure.cpp; path = ../Common/src/matrix_structure.cpp; sourceTree = "<group>"; };
		053071A717EA4662008A56F6 /* primal_grid_structure.cpp */ = {isa = PBXFileReference; fileEncoding = 4; lastKnownFileType = sourcecode.cpp.cpp; name = primal_grid_structure.cpp; path = ../Common/src/primal_grid_structure.cpp; sourceTree = "<group>"; };
		053071A817EA4662008A56F6 /* vector_structure.cpp */ = {isa = PBXFileReference; fileEncoding = 4; lastKnownFileType = sourcecode.cpp.cpp; name = vector_structure.cpp; path = ../Common/src/vector_structure.cpp; sourceTree = "<group>"; };
		053072AE17EA472C008A56F6 /* SU2_GPC.hpp */ = {isa = PBXFileReference; lastKnownFileType = sourcecode.cpp.h; name = SU2_GPC.hpp; path = ../SU2_GPC/include/SU2_GPC.hpp; sourceTree = "<group>"; };
		053072AF17EA4731008A56F6 /* SU2_GPC.cpp */ = {isa = PBXFileReference; fileEncoding = 4; lastKnownFileType = sourcecode.cpp.cpp; name = SU2_GPC.cpp; path = ../SU2_GPC/src/SU2_GPC.cpp; sourceTree = "<group>"; };
		8DD76F6C0486A84900D96B5E /* SU2_GPC */ = {isa = PBXFileReference; explicitFileType = "compiled.mach-o.executable"; includeInIndex = 0; path = SU2_GPC; sourceTree = BUILT_PRODUCTS_DIR; };
/* End PBXFileReference section */

/* Begin PBXFrameworksBuildPhase section */
		8DD76F660486A84900D96B5E /* Frameworks */ = {
			isa = PBXFrameworksBuildPhase;
			buildActionMask = 2147483647;
			files = (
			);
			runOnlyForDeploymentPostprocessing = 0;
		};
/* End PBXFrameworksBuildPhase section */

/* Begin PBXGroup section */
		0546740714EF44CD004209AC /* Include */ = {
			isa = PBXGroup;
			children = (
				053072AE17EA472C008A56F6 /* SU2_GPC.hpp */,
				0530719617EA4653008A56F6 /* config_structure.hpp */,
				0530719717EA4653008A56F6 /* dual_grid_structure.hpp */,
				0530719817EA4653008A56F6 /* geometry_structure.hpp */,
				0530719917EA4653008A56F6 /* grid_adaptation_structure.hpp */,
				0530719A17EA4653008A56F6 /* grid_movement_structure.hpp */,
				0530719B17EA4653008A56F6 /* linear_solvers_structure.hpp */,
				0530719C17EA4653008A56F6 /* matrix_structure.hpp */,
				0530719D17EA4653008A56F6 /* option_structure.hpp */,
				0530719E17EA4653008A56F6 /* primal_grid_structure.hpp */,
				0530719F17EA4653008A56F6 /* vector_structure.hpp */,
			);
			name = Include;
			sourceTree = "<group>";
		};
		0546744114EF4587004209AC /* InLine */ = {
			isa = PBXGroup;
			children = (
				0530713717EA4603008A56F6 /* config_structure.inl */,
				0530713817EA4603008A56F6 /* dual_grid_structure.inl */,
				0530713917EA4603008A56F6 /* geometry_structure.inl */,
				0530713A17EA4603008A56F6 /* grid_adaptation_structure.inl */,
				0530713B17EA4603008A56F6 /* grid_movement_structure.inl */,
				0530713C17EA4603008A56F6 /* linear_solvers_structure.inl */,
				0530713D17EA4603008A56F6 /* matrix_structure.inl */,
				0530713E17EA4603008A56F6 /* primal_grid_structure.inl */,
				0530713F17EA4603008A56F6 /* vector_structure.inl */,
			);
			name = InLine;
			sourceTree = "<group>";
		};
		08FB7794FE84155DC02AAC07 /* SU2_GPC */ = {
			isa = PBXGroup;
			children = (
				0546744114EF4587004209AC /* InLine */,
				0546740714EF44CD004209AC /* Include */,
				08FB7795FE84155DC02AAC07 /* Source */,
				1AB674ADFE9D54B511CA2CBB /* Products */,
			);
			name = SU2_GPC;
			sourceTree = "<group>";
		};
		08FB7795FE84155DC02AAC07 /* Source */ = {
			isa = PBXGroup;
			children = (
				053072AF17EA4731008A56F6 /* SU2_GPC.cpp */,
				053071A017EA4662008A56F6 /* config_structure.cpp */,
				053071A117EA4662008A56F6 /* dual_grid_structure.cpp */,
				053071A217EA4662008A56F6 /* geometry_structure.cpp */,
				053071A317EA4662008A56F6 /* grid_adaptation_structure.cpp */,
				053071A417EA4662008A56F6 /* grid_movement_structure.cpp */,
				053071A517EA4662008A56F6 /* linear_solvers_structure.cpp */,
				053071A617EA4662008A56F6 /* matrix_structure.cpp */,
				053071A717EA4662008A56F6 /* primal_grid_structure.cpp */,
				053071A817EA4662008A56F6 /* vector_structure.cpp */,
			);
			name = Source;
			sourceTree = "<group>";
		};
		1AB674ADFE9D54B511CA2CBB /* Products */ = {
			isa = PBXGroup;
			children = (
				8DD76F6C0486A84900D96B5E /* SU2_GPC */,
			);
			name = Products;
			sourceTree = "<group>";
		};
/* End PBXGroup section */

/* Begin PBXNativeTarget section */
		8DD76F620486A84900D96B5E /* SU2_GPC */ = {
			isa = PBXNativeTarget;
			buildConfigurationList = 1DEB923108733DC60010E9CD /* Build configuration list for PBXNativeTarget "SU2_GPC" */;
			buildPhases = (
				8DD76F640486A84900D96B5E /* Sources */,
				8DD76F660486A84900D96B5E /* Frameworks */,
				8DD76F690486A84900D96B5E /* CopyFiles */,
			);
			buildRules = (
			);
			dependencies = (
			);
			name = SU2_GPC;
			productInstallPath = "$(HOME)/bin";
			productName = SU2_GPC;
			productReference = 8DD76F6C0486A84900D96B5E /* SU2_GPC */;
			productType = "com.apple.product-type.tool";
		};
/* End PBXNativeTarget section */

/* Begin PBXProject section */
		08FB7793FE84155DC02AAC07 /* Project object */ = {
			isa = PBXProject;
			attributes = {
				LastUpgradeCheck = 0460;
			};
			buildConfigurationList = 1DEB923508733DC60010E9CD /* Build configuration list for PBXProject "SU2_GPC" */;
			compatibilityVersion = "Xcode 3.2";
			developmentRegion = English;
			hasScannedForEncodings = 1;
			knownRegions = (
				English,
				Japanese,
				French,
				German,
			);
			mainGroup = 08FB7794FE84155DC02AAC07 /* SU2_GPC */;
			projectDirPath = "";
			projectRoot = "";
			targets = (
				8DD76F620486A84900D96B5E /* SU2_GPC */,
			);
		};
/* End PBXProject section */

/* Begin PBXSourcesBuildPhase section */
		8DD76F640486A84900D96B5E /* Sources */ = {
			isa = PBXSourcesBuildPhase;
			buildActionMask = 2147483647;
			files = (
				053071A917EA4662008A56F6 /* config_structure.cpp in Sources */,
				053071AA17EA4662008A56F6 /* dual_grid_structure.cpp in Sources */,
				053071AB17EA4662008A56F6 /* geometry_structure.cpp in Sources */,
				053071AC17EA4662008A56F6 /* grid_adaptation_structure.cpp in Sources */,
				053071AD17EA4662008A56F6 /* grid_movement_structure.cpp in Sources */,
				053071AE17EA4662008A56F6 /* linear_solvers_structure.cpp in Sources */,
				053071AF17EA4662008A56F6 /* matrix_structure.cpp in Sources */,
				053071B017EA4662008A56F6 /* primal_grid_structure.cpp in Sources */,
				053071B117EA4662008A56F6 /* vector_structure.cpp in Sources */,
				053072B017EA4731008A56F6 /* SU2_GPC.cpp in Sources */,
			);
			runOnlyForDeploymentPostprocessing = 0;
		};
/* End PBXSourcesBuildPhase section */

/* Begin XCBuildConfiguration section */
		1DEB923208733DC60010E9CD /* Debug */ = {
			isa = XCBuildConfiguration;
			buildSettings = {
				ALWAYS_SEARCH_USER_PATHS = NO;
				COPY_PHASE_STRIP = NO;
				GCC_DYNAMIC_NO_PIC = NO;
				GCC_MODEL_TUNING = G5;
				GCC_OPTIMIZATION_LEVEL = 0;
				INSTALL_PATH = /usr/local/bin;
				PRODUCT_NAME = SU2_GPC;
				SDKROOT = "";
			};
			name = Debug;
		};
		1DEB923308733DC60010E9CD /* Release */ = {
			isa = XCBuildConfiguration;
			buildSettings = {
				ALWAYS_SEARCH_USER_PATHS = NO;
				DEBUG_INFORMATION_FORMAT = "dwarf-with-dsym";
				GCC_MODEL_TUNING = G5;
				INSTALL_PATH = /usr/local/bin;
				PRODUCT_NAME = SU2_GPC;
				SDKROOT = "";
			};
			name = Release;
		};
		1DEB923608733DC60010E9CD /* Debug */ = {
			isa = XCBuildConfiguration;
			buildSettings = {
				ARCHS = "$(ARCHS_STANDARD_32_64_BIT)";
				GCC_C_LANGUAGE_STANDARD = gnu99;
				GCC_OPTIMIZATION_LEVEL = 0;
				GCC_PREPROCESSOR_DEFINITIONS = (
					NO_METIS,
					NO_CGNS,
					NO_MPI,
					NO_MUTATIONPP,
				);
				GCC_WARN_ABOUT_RETURN_TYPE = YES;
				GCC_WARN_UNUSED_VARIABLE = YES;
				ONLY_ACTIVE_ARCH = YES;
				SDKROOT = macosx;
			};
			name = Debug;
		};
		1DEB923708733DC60010E9CD /* Release */ = {
			isa = XCBuildConfiguration;
			buildSettings = {
				ARCHS = "$(ARCHS_STANDARD_32_64_BIT)";
				GCC_C_LANGUAGE_STANDARD = gnu99;
				GCC_WARN_ABOUT_RETURN_TYPE = YES;
				GCC_WARN_UNUSED_VARIABLE = YES;
				SDKROOT = macosx;
			};
			name = Release;
		};
/* End XCBuildConfiguration section */

/* Begin XCConfigurationList section */
		1DEB923108733DC60010E9CD /* Build configuration list for PBXNativeTarget "SU2_GPC" */ = {
			isa = XCConfigurationList;
			buildConfigurations = (
				1DEB923208733DC60010E9CD /* Debug */,
				1DEB923308733DC60010E9CD /* Release */,
			);
			defaultConfigurationIsVisible = 0;
			defaultConfigurationName = Release;
		};
		1DEB923508733DC60010E9CD /* Build configuration list for PBXProject "SU2_GPC" */ = {
			isa = XCConfigurationList;
			buildConfigurations = (
				1DEB923608733DC60010E9CD /* Debug */,
				1DEB923708733DC60010E9CD /* Release */,
			);
			defaultConfigurationIsVisible = 0;
			defaultConfigurationName = Release;
		};
/* End XCConfigurationList section */
	};
	rootObject = 08FB7793FE84155DC02AAC07 /* Project object */;
}
